// !$*UTF8*$!
{
	archiveVersion = 1;
	classes = {
	};
	objectVersion = 50;
	objects = {

/* Begin PBXBuildFile section */
		84426CD024C9E03400320CCE /* AppDelegate.swift in Sources */ = {isa = PBXBuildFile; fileRef = 84426CCF24C9E03400320CCE /* AppDelegate.swift */; };
		84426CD224C9E03400320CCE /* SceneDelegate.swift in Sources */ = {isa = PBXBuildFile; fileRef = 84426CD124C9E03400320CCE /* SceneDelegate.swift */; };
		84426CD424C9E03400320CCE /* ViewController.swift in Sources */ = {isa = PBXBuildFile; fileRef = 84426CD324C9E03400320CCE /* ViewController.swift */; };
		84426CD724C9E03400320CCE /* Main.storyboard in Resources */ = {isa = PBXBuildFile; fileRef = 84426CD524C9E03400320CCE /* Main.storyboard */; };
		84426CD924C9E03800320CCE /* Assets.xcassets in Resources */ = {isa = PBXBuildFile; fileRef = 84426CD824C9E03800320CCE /* Assets.xcassets */; };
		84426CDC24C9E03800320CCE /* LaunchScreen.storyboard in Resources */ = {isa = PBXBuildFile; fileRef = 84426CDA24C9E03800320CCE /* LaunchScreen.storyboard */; };
		84426CE524C9E06000320CCE /* LocalAuthentication.framework in Frameworks */ = {isa = PBXBuildFile; fileRef = 84426CE424C9E06000320CCE /* LocalAuthentication.framework */; };
		84426CE824C9EEDD00320CCE /* Constants.swift in Sources */ = {isa = PBXBuildFile; fileRef = 84426CE724C9EEDD00320CCE /* Constants.swift */; };
/* End PBXBuildFile section */

/* Begin PBXFileReference section */
		84426CCC24C9E03400320CCE /* FaceIdSample.app */ = {isa = PBXFileReference; explicitFileType = wrapper.application; includeInIndex = 0; path = FaceIdSample.app; sourceTree = BUILT_PRODUCTS_DIR; };
		84426CCF24C9E03400320CCE /* AppDelegate.swift */ = {isa = PBXFileReference; lastKnownFileType = sourcecode.swift; path = AppDelegate.swift; sourceTree = "<group>"; };
		84426CD124C9E03400320CCE /* SceneDelegate.swift */ = {isa = PBXFileReference; lastKnownFileType = sourcecode.swift; path = SceneDelegate.swift; sourceTree = "<group>"; };
		84426CD324C9E03400320CCE /* ViewController.swift */ = {isa = PBXFileReference; lastKnownFileType = sourcecode.swift; path = ViewController.swift; sourceTree = "<group>"; };
		84426CD624C9E03400320CCE /* Base */ = {isa = PBXFileReference; lastKnownFileType = file.storyboard; name = Base; path = Base.lproj/Main.storyboard; sourceTree = "<group>"; };
		84426CD824C9E03800320CCE /* Assets.xcassets */ = {isa = PBXFileReference; lastKnownFileType = folder.assetcatalog; path = Assets.xcassets; sourceTree = "<group>"; };
		84426CDB24C9E03800320CCE /* Base */ = {isa = PBXFileReference; lastKnownFileType = file.storyboard; name = Base; path = Base.lproj/LaunchScreen.storyboard; sourceTree = "<group>"; };
		84426CDD24C9E03800320CCE /* Info.plist */ = {isa = PBXFileReference; lastKnownFileType = text.plist.xml; path = Info.plist; sourceTree = "<group>"; };
		84426CE424C9E06000320CCE /* LocalAuthentication.framework */ = {isa = PBXFileReference; lastKnownFileType = wrapper.framework; name = LocalAuthentication.framework; path = System/Library/Frameworks/LocalAuthentication.framework; sourceTree = SDKROOT; };
		84426CE724C9EEDD00320CCE /* Constants.swift */ = {isa = PBXFileReference; lastKnownFileType = sourcecode.swift; path = Constants.swift; sourceTree = "<group>"; };
/* End PBXFileReference section */

/* Begin PBXFrameworksBuildPhase section */
		84426CC924C9E03400320CCE /* Frameworks */ = {
			isa = PBXFrameworksBuildPhase;
			buildActionMask = 2147483647;
			files = (
				84426CE524C9E06000320CCE /* LocalAuthentication.framework in Frameworks */,
			);
			runOnlyForDeploymentPostprocessing = 0;
		};
/* End PBXFrameworksBuildPhase section */

/* Begin PBXGroup section */
		84426CC324C9E03400320CCE = {
			isa = PBXGroup;
			children = (
				84426CCE24C9E03400320CCE /* FaceIdSample */,
				84426CCD24C9E03400320CCE /* Products */,
				84426CE324C9E06000320CCE /* Frameworks */,
			);
			sourceTree = "<group>";
		};
		84426CCD24C9E03400320CCE /* Products */ = {
			isa = PBXGroup;
			children = (
				84426CCC24C9E03400320CCE /* FaceIdSample.app */,
			);
			name = Products;
			sourceTree = "<group>";
		};
		84426CCE24C9E03400320CCE /* FaceIdSample */ = {
			isa = PBXGroup;
			children = (
				84426CE624C9EC5700320CCE /* SupportingFiles */,
				84426CD324C9E03400320CCE /* ViewController.swift */,
				84426CD524C9E03400320CCE /* Main.storyboard */,
				84426CD824C9E03800320CCE /* Assets.xcassets */,
				84426CDD24C9E03800320CCE /* Info.plist */,
				84426CE724C9EEDD00320CCE /* Constants.swift */,
			);
			path = FaceIdSample;
			sourceTree = "<group>";
		};
		84426CE324C9E06000320CCE /* Frameworks */ = {
			isa = PBXGroup;
			children = (
				84426CE424C9E06000320CCE /* LocalAuthentication.framework */,
			);
			name = Frameworks;
			sourceTree = "<group>";
		};
		84426CE624C9EC5700320CCE /* SupportingFiles */ = {
			isa = PBXGroup;
			children = (
				84426CD124C9E03400320CCE /* SceneDelegate.swift */,
				84426CDA24C9E03800320CCE /* LaunchScreen.storyboard */,
				84426CCF24C9E03400320CCE /* AppDelegate.swift */,
			);
			path = SupportingFiles;
			sourceTree = "<group>";
		};
/* End PBXGroup section */

/* Begin PBXNativeTarget section */
		84426CCB24C9E03400320CCE /* FaceIdSample */ = {
			isa = PBXNativeTarget;
			buildConfigurationList = 84426CE024C9E03800320CCE /* Build configuration list for PBXNativeTarget "FaceIdSample" */;
			buildPhases = (
				84426CC824C9E03400320CCE /* Sources */,
				84426CC924C9E03400320CCE /* Frameworks */,
				84426CCA24C9E03400320CCE /* Resources */,
			);
			buildRules = (
			);
			dependencies = (
			);
			name = FaceIdSample;
			productName = FaceIdSample;
			productReference = 84426CCC24C9E03400320CCE /* FaceIdSample.app */;
			productType = "com.apple.product-type.application";
		};
/* End PBXNativeTarget section */

/* Begin PBXProject section */
		84426CC424C9E03400320CCE /* Project object */ = {
			isa = PBXProject;
			attributes = {
				LastSwiftUpdateCheck = 1140;
				LastUpgradeCheck = 1140;
				ORGANIZATIONNAME = admin;
				TargetAttributes = {
					84426CCB24C9E03400320CCE = {
						CreatedOnToolsVersion = 11.4.1;
					};
				};
			};
			buildConfigurationList = 84426CC724C9E03400320CCE /* Build configuration list for PBXProject "FaceIdSample" */;
			compatibilityVersion = "Xcode 9.3";
			developmentRegion = en;
			hasScannedForEncodings = 0;
			knownRegions = (
				en,
				Base,
			);
			mainGroup = 84426CC324C9E03400320CCE;
			productRefGroup = 84426CCD24C9E03400320CCE /* Products */;
			projectDirPath = "";
			projectRoot = "";
			targets = (
				84426CCB24C9E03400320CCE /* FaceIdSample */,
			);
		};
/* End PBXProject section */

/* Begin PBXResourcesBuildPhase section */
		84426CCA24C9E03400320CCE /* Resources */ = {
			isa = PBXResourcesBuildPhase;
			buildActionMask = 2147483647;
			files = (
				84426CDC24C9E03800320CCE /* LaunchScreen.storyboard in Resources */,
				84426CD924C9E03800320CCE /* Assets.xcassets in Resources */,
				84426CD724C9E03400320CCE /* Main.storyboard in Resources */,
			);
			runOnlyForDeploymentPostprocessing = 0;
		};
/* End PBXResourcesBuildPhase section */

/* Begin PBXSourcesBuildPhase section */
		84426CC824C9E03400320CCE /* Sources */ = {
			isa = PBXSourcesBuildPhase;
			buildActionMask = 2147483647;
			files = (
				84426CD424C9E03400320CCE /* ViewController.swift in Sources */,
				84426CD024C9E03400320CCE /* AppDelegate.swift in Sources */,
				84426CD224C9E03400320CCE /* SceneDelegate.swift in Sources */,
				84426CE824C9EEDD00320CCE /* Constants.swift in Sources */,
			);
			runOnlyForDeploymentPostprocessing = 0;
		};
/* End PBXSourcesBuildPhase section */

/* Begin PBXVariantGroup section */
		84426CD524C9E03400320CCE /* Main.storyboard */ = {
			isa = PBXVariantGroup;
			children = (
				84426CD624C9E03400320CCE /* Base */,
			);
			name = Main.storyboard;
			sourceTree = "<group>";
		};
		84426CDA24C9E03800320CCE /* LaunchScreen.storyboard */ = {
			isa = PBXVariantGroup;
			children = (
				84426CDB24C9E03800320CCE /* Base */,
			);
			name = LaunchScreen.storyboard;
			sourceTree = "<group>";
		};
/* End PBXVariantGroup section */

/* Begin XCBuildConfiguration section */
		84426CDE24C9E03800320CCE /* Debug */ = {
			isa = XCBuildConfiguration;
			buildSettings = {
				ALWAYS_SEARCH_USER_PATHS = NO;
				CLANG_ANALYZER_NONNULL = YES;
				CLANG_ANALYZER_NUMBER_OBJECT_CONVERSION = YES_AGGRESSIVE;
				CLANG_CXX_LANGUAGE_STANDARD = "gnu++14";
				CLANG_CXX_LIBRARY = "libc++";
				CLANG_ENABLE_MODULES = YES;
				CLANG_ENABLE_OBJC_ARC = YES;
				CLANG_ENABLE_OBJC_WEAK = YES;
				CLANG_WARN_BLOCK_CAPTURE_AUTORELEASING = YES;
				CLANG_WARN_BOOL_CONVERSION = YES;
				CLANG_WARN_COMMA = YES;
				CLANG_WARN_CONSTANT_CONVERSION = YES;
				CLANG_WARN_DEPRECATED_OBJC_IMPLEMENTATIONS = YES;
				CLANG_WARN_DIRECT_OBJC_ISA_USAGE = YES_ERROR;
				CLANG_WARN_DOCUMENTATION_COMMENTS = YES;
				CLANG_WARN_EMPTY_BODY = YES;
				CLANG_WARN_ENUM_CONVERSION = YES;
				CLANG_WARN_INFINITE_RECURSION = YES;
				CLANG_WARN_INT_CONVERSION = YES;
				CLANG_WARN_NON_LITERAL_NULL_CONVERSION = YES;
				CLANG_WARN_OBJC_IMPLICIT_RETAIN_SELF = YES;
				CLANG_WARN_OBJC_LITERAL_CONVERSION = YES;
				CLANG_WARN_OBJC_ROOT_CLASS = YES_ERROR;
				CLANG_WARN_RANGE_LOOP_ANALYSIS = YES;
				CLANG_WARN_STRICT_PROTOTYPES = YES;
				CLANG_WARN_SUSPICIOUS_MOVE = YES;
				CLANG_WARN_UNGUARDED_AVAILABILITY = YES_AGGRESSIVE;
				CLANG_WARN_UNREACHABLE_CODE = YES;
				CLANG_WARN__DUPLICATE_METHOD_MATCH = YES;
				COPY_PHASE_STRIP = NO;
				DEBUG_INFORMATION_FORMAT = dwarf;
				ENABLE_STRICT_OBJC_MSGSEND = YES;
				ENABLE_TESTABILITY = YES;
				GCC_C_LANGUAGE_STANDARD = gnu11;
				GCC_DYNAMIC_NO_PIC = NO;
				GCC_NO_COMMON_BLOCKS = YES;
				GCC_OPTIMIZATION_LEVEL = 0;
				GCC_PREPROCESSOR_DEFINITIONS = (
					"DEBUG=1",
					"$(inherited)",
				);
				GCC_WARN_64_TO_32_BIT_CONVERSION = YES;
				GCC_WARN_ABOUT_RETURN_TYPE = YES_ERROR;
				GCC_WARN_UNDECLARED_SELECTOR = YES;
				GCC_WARN_UNINITIALIZED_AUTOS = YES_AGGRESSIVE;
				GCC_WARN_UNUSED_FUNCTION = YES;
				GCC_WARN_UNUSED_VARIABLE = YES;
				IPHONEOS_DEPLOYMENT_TARGET = 13.4;
				MTL_ENABLE_DEBUG_INFO = INCLUDE_SOURCE;
				MTL_FAST_MATH = YES;
				ONLY_ACTIVE_ARCH = YES;
				SDKROOT = iphoneos;
				SWIFT_ACTIVE_COMPILATION_CONDITIONS = DEBUG;
				SWIFT_OPTIMIZATION_LEVEL = "-Onone";
			};
			name = Debug;
		};
		84426CDF24C9E03800320CCE /* Release */ = {
			isa = XCBuildConfiguration;
			buildSettings = {
				ALWAYS_SEARCH_USER_PATHS = NO;
				CLANG_ANALYZER_NONNULL = YES;
				CLANG_ANALYZER_NUMBER_OBJECT_CONVERSION = YES_AGGRESSIVE;
				CLANG_CXX_LANGUAGE_STANDARD = "gnu++14";
				CLANG_CXX_LIBRARY = "libc++";
				CLANG_ENABLE_MODULES = YES;
				CLANG_ENABLE_OBJC_ARC = YES;
				CLANG_ENABLE_OBJC_WEAK = YES;
				CLANG_WARN_BLOCK_CAPTURE_AUTORELEASING = YES;
				CLANG_WARN_BOOL_CONVERSION = YES;
				CLANG_WARN_COMMA = YES;
				CLANG_WARN_CONSTANT_CONVERSION = YES;
				CLANG_WARN_DEPRECATED_OBJC_IMPLEMENTATIONS = YES;
				CLANG_WARN_DIRECT_OBJC_ISA_USAGE = YES_ERROR;
				CLANG_WARN_DOCUMENTATION_COMMENTS = YES;
				CLANG_WARN_EMPTY_BODY = YES;
				CLANG_WARN_ENUM_CONVERSION = YES;
				CLANG_WARN_INFINITE_RECURSION = YES;
				CLANG_WARN_INT_CONVERSION = YES;
				CLANG_WARN_NON_LITERAL_NULL_CONVERSION = YES;
				CLANG_WARN_OBJC_IMPLICIT_RETAIN_SELF = YES;
				CLANG_WARN_OBJC_LITERAL_CONVERSION = YES;
				CLANG_WARN_OBJC_ROOT_CLASS = YES_ERROR;
				CLANG_WARN_RANGE_LOOP_ANALYSIS = YES;
				CLANG_WARN_STRICT_PROTOTYPES = YES;
				CLANG_WARN_SUSPICIOUS_MOVE = YES;
				CLANG_WARN_UNGUARDED_AVAILABILITY = YES_AGGRESSIVE;
				CLANG_WARN_UNREACHABLE_CODE = YES;
				CLANG_WARN__DUPLICATE_METHOD_MATCH = YES;
				COPY_PHASE_STRIP = NO;
				DEBUG_INFORMATION_FORMAT = "dwarf-with-dsym";
				ENABLE_NS_ASSERTIONS = NO;
				ENABLE_STRICT_OBJC_MSGSEND = YES;
				GCC_C_LANGUAGE_STANDARD = gnu11;
				GCC_NO_COMMON_BLOCKS = YES;
				GCC_WARN_64_TO_32_BIT_CONVERSION = YES;
				GCC_WARN_ABOUT_RETURN_TYPE = YES_ERROR;
				GCC_WARN_UNDECLARED_SELECTOR = YES;
				GCC_WARN_UNINITIALIZED_AUTOS = YES_AGGRESSIVE;
				GCC_WARN_UNUSED_FUNCTION = YES;
				GCC_WARN_UNUSED_VARIABLE = YES;
				IPHONEOS_DEPLOYMENT_TARGET = 13.4;
				MTL_ENABLE_DEBUG_INFO = NO;
				MTL_FAST_MATH = YES;
				SDKROOT = iphoneos;
				SWIFT_COMPILATION_MODE = wholemodule;
				SWIFT_OPTIMIZATION_LEVEL = "-O";
				VALIDATE_PRODUCT = YES;
			};
			name = Release;
		};
		84426CE124C9E03800320CCE /* Debug */ = {
			isa = XCBuildConfiguration;
			buildSettings = {
				ASSETCATALOG_COMPILER_APPICON_NAME = AppIcon;
				CODE_SIGN_STYLE = Automatic;
				DEVELOPMENT_TEAM = LAWZ543W95;
				INFOPLIST_FILE = FaceIdSample/Info.plist;
				LD_RUNPATH_SEARCH_PATHS = (
					"$(inherited)",
					"@executable_path/Frameworks",
				);
				PRODUCT_BUNDLE_IDENTIFIER = com.bridgelabz.FaceIdSample;
				PRODUCT_NAME = "$(TARGET_NAME)";
				SWIFT_VERSION = 5.0;
				TARGETED_DEVICE_FAMILY = "1,2";
			};
			name = Debug;
		};
		84426CE224C9E03800320CCE /* Release */ = {
			isa = XCBuildConfiguration;
			buildSettings = {
				ASSETCATALOG_COMPILER_APPICON_NAME = AppIcon;
				CODE_SIGN_STYLE = Automatic;
				DEVELOPMENT_TEAM = LAWZ543W95;
				INFOPLIST_FILE = FaceIdSample/Info.plist;
				LD_RUNPATH_SEARCH_PATHS = (
					"$(inherited)",
					"@executable_path/Frameworks",
				);
				PRODUCT_BUNDLE_IDENTIFIER = com.bridgelabz.FaceIdSample;
				PRODUCT_NAME = "$(TARGET_NAME)";
				SWIFT_VERSION = 5.0;
				TARGETED_DEVICE_FAMILY = "1,2";
			};
			name = Release;
		};
/* End XCBuildConfiguration section */

/* Begin XCConfigurationList section */
		84426CC724C9E03400320CCE /* Build configuration list for PBXProject "FaceIdSample" */ = {
			isa = XCConfigurationList;
			buildConfigurations = (
				84426CDE24C9E03800320CCE /* Debug */,
				84426CDF24C9E03800320CCE /* Release */,
			);
			defaultConfigurationIsVisible = 0;
			defaultConfigurationName = Release;
		};
		84426CE024C9E03800320CCE /* Build configuration list for PBXNativeTarget "FaceIdSample" */ = {
			isa = XCConfigurationList;
			buildConfigurations = (
				84426CE124C9E03800320CCE /* Debug */,
				84426CE224C9E03800320CCE /* Release */,
			);
			defaultConfigurationIsVisible = 0;
			defaultConfigurationName = Release;
		};
/* End XCConfigurationList section */
	};
	rootObject = 84426CC424C9E03400320CCE /* Project object */;
}
